{
  "name": "baby-names",
  "version": "1.0.0",
  "lockfileVersion": 2,
  "requires": true,
  "packages": {
    "": {
      "name": "baby-names",
      "version": "1.0.0",
      "license": "ISC",
      "dependencies": {
        "@types/node": "^18.15.10",
        "node-opencc": "^2.0.1"
      }
    },
    "node_modules/@types/node": {
      "version": "18.15.10",
      "resolved": "https://mirrors.tencent.com/npm/@types%2fnode/-/node-18.15.10.tgz",
      "integrity": "sha512-9avDaQJczATcXgfmMAW3MIWArOO7A+m90vuCFLr8AotWf8igO/mRoYukrk2cqZVtv38tHs33retzHEilM7FpeQ==",
      "license": "MIT"
    },
    "node_modules/node-opencc": {
      "version": "2.0.1",
      "resolved": "https://mirrors.tencent.com/npm/node-opencc/-/node-opencc-2.0.1.tgz",
      "integrity": "sha512-SXhWq9oZU0V98xfxsJOEyfWRrcnec2f3zqKuugKta+UHmqtehNAd6QVYcEQ2CpwhmcRUVWaLovVLIIBm3jDXGg==",
      "license": "MIT",
      "engines": {
        "node": ">= 7.6.0"
      }
    }
  },
  "dependencies": {
    "@types/node": {
      "version": "18.15.10",
      "resolved": "https://mirrors.tencent.com/npm/@types%2fnode/-/node-18.15.10.tgz",
      "integrity": "sha512-9avDaQJczATcXgfmMAW3MIWArOO7A+m90vuCFLr8AotWf8igO/mRoYukrk2cqZVtv38tHs33retzHEilM7FpeQ=="
    },
    "node-opencc": {
      "version": "2.0.1",
      "resolved": "https://mirrors.tencent.com/npm/node-opencc/-/node-opencc-2.0.1.tgz",
      "integrity": "sha512-SXhWq9oZU0V98xfxsJOEyfWRrcnec2f3zqKuugKta+UHmqtehNAd6QVYcEQ2CpwhmcRUVWaLovVLIIBm3jDXGg=="
    }
  }
}
