{
  "name": "baby-names",
  "version": "1.0.0",
  "lockfileVersion": 2,
  "requires": true,
  "packages": {
    "": {
      "name": "baby-names",
      "version": "1.0.0",
      "license": "ISC",
      "dependencies": {
        "node-opencc": "^2.0.1"
      }
    },
    "node_modules/node-opencc": {
      "version": "2.0.1",
      "resolved": "https://mirrors.tencent.com/npm/node-opencc/-/node-opencc-2.0.1.tgz",
      "integrity": "sha512-SXhWq9oZU0V98xfxsJOEyfWRrcnec2f3zqKuugKta+UHmqtehNAd6QVYcEQ2CpwhmcRUVWaLovVLIIBm3jDXGg==",
      "license": "MIT",
      "engines": {
        "node": ">= 7.6.0"
      }
    }
  },
  "dependencies": {
    "node-opencc": {
      "version": "2.0.1",
      "resolved": "https://mirrors.tencent.com/npm/node-opencc/-/node-opencc-2.0.1.tgz",
      "integrity": "sha512-SXhWq9oZU0V98xfxsJOEyfWRrcnec2f3zqKuugKta+UHmqtehNAd6QVYcEQ2CpwhmcRUVWaLovVLIIBm3jDXGg=="
    }
  }
}
